{
  "version": 1,
  "dependencies": {
    "net6.0": {
      "AWSSDK.CloudFormation": {
        "type": "Direct",
        "requested": "[3.7.9.37, )",
        "resolved": "3.7.9.37",
        "contentHash": "oSiWpnaafG+eGOg0RZAVDNTfwHGDyR8MZ9WF5wx1MEEPuehOnZcCqh4W8rLDSBmGS42q8aRFxnstrInN/AogrA==",
        "dependencies": {
          "AWSSDK.Core": "[3.7.11.3, 4.0.0)"
        }
      },
      "AWSSDK.ECR": {
        "type": "Direct",
        "requested": "[3.7.4.21, )",
        "resolved": "3.7.4.21",
        "contentHash": "moacbcOmoXTd1FapkCszVsdu1A6+lAk6El/lt5UHbIum3DfcJ7nglak2pYLST9s/klxfAODECiY+LlYLK8TpBg==",
        "dependencies": {
          "AWSSDK.Core": "[3.7.11.3, 4.0.0)"
        }
      },
      "AWSSDK.ECRPublic": {
        "type": "Direct",
        "requested": "[3.7.0.159, )",
        "resolved": "3.7.0.159",
        "contentHash": "VTAyJ1bV+nn9NqdwqZFkL0n5miJJ5G6nTOwQd69gBidZd90rFpHp2BtgyPQByVZkH4hs75S0d070MdEvcgw5Wg==",
        "dependencies": {
          "AWSSDK.Core": "[3.7.11.3, 4.0.0)"
        }
      },
      "AWSSDK.KeyManagementService": {
        "type": "Direct",
        "requested": "[3.7.3.11, )",
        "resolved": "3.7.3.11",
        "contentHash": "+rIF318hnXsHemLUP9t6NmUsqBrgBs5bTzX3+57i8+MJyZ7QllBqveF17HxIM0Exj+1drbgkKI4OYtbpP2S76Q==",
        "dependencies": {
          "AWSSDK.Core": "[3.7.11.3, 4.0.0)"
        }
      },
      "StyleCop.Analyzers": {
        "type": "Direct",
        "requested": "[1.2.0-beta.354, )",
        "resolved": "1.2.0-beta.354",
        "contentHash": "oDSJNxnEvIzAQTkpkc/FnJP4dQ7TV6fHMsI+2ckU5DOaMiwiEfh1fawMsSqz2bCoNwbTt9lS6MgYvyVKujNJoA==",
        "dependencies": {
          "StyleCop.Analyzers.Unstable": "1.2.0.354"
        }
      },
      "AWSSDK.Core": {
        "type": "Transitive",
        "resolved": "3.7.11.3",
        "contentHash": "PM5RvK6EseS8w+ODBZ/FS5AiifYYO3mYGnxvujQ5wV49InefwFlkRCIc+jx0NSUjhhuYgZjKckbj1uU8hY0r6A=="
      },
      "StyleCop.Analyzers.Unstable": {
        "type": "Transitive",
        "resolved": "1.2.0.354",
        "contentHash": "/3RlM31XbJ02gaWh7dVumWOyMvGHswb/zygGJXd9oEJMRyyYc/HFJlAC5gBPxvi9cB4CMvIyyUTmZz5VLKwTvg=="
      }
    }
  }
}