{
  "version": 1,
  "dependencies": {
    "net6.0": {
      "AWSSDK.CloudFormation": {
        "type": "Direct",
        "requested": "[3.7.9.35, )",
        "resolved": "3.7.9.35",
        "contentHash": "QFknl0R05qxOCQCEdR15HFAJR1WTymYKDXup8JW2khM4nKarHgNMz5+IEpzMCJe7M8LpdNZ41vESD79h+0cFag==",
        "dependencies": {
          "AWSSDK.Core": "[3.7.11.1, 4.0.0)"
        }
      },
      "AWSSDK.ECR": {
        "type": "Direct",
        "requested": "[3.7.4.19, )",
        "resolved": "3.7.4.19",
        "contentHash": "tSa2tQeKNFdn1BIZq+x7tCYO5yMKI6kwIbJ6lGS8RtUnI0phJNVsG2xzaN/kHyfBgGmmqNSjPrac5AzbsIESgw==",
        "dependencies": {
          "AWSSDK.Core": "[3.7.11.1, 4.0.0)"
        }
      },
      "AWSSDK.ECRPublic": {
        "type": "Direct",
        "requested": "[3.7.0.157, )",
        "resolved": "3.7.0.157",
        "contentHash": "1BuH/0hmmQsG1n39sw+dDvUrXAlxGtpI0uvWL4akXaiy8O2JKtHrN7zJoUNIMJGWrvsyE8HiNObF0xvd2oOrPg==",
        "dependencies": {
          "AWSSDK.Core": "[3.7.11.1, 4.0.0)"
        }
      },
      "AWSSDK.KeyManagementService": {
        "type": "Direct",
        "requested": "[3.7.3.8, )",
        "resolved": "3.7.3.8",
        "contentHash": "5Vp30nNgwFb0YeplW7xvEzdXz4DhssebaEW7CFffVWD58CWfJjssWlgIOVbA8vZ9EqRHd4PTiBwviSmc7lPR5Q==",
        "dependencies": {
          "AWSSDK.Core": "[3.7.11.1, 4.0.0)"
        }
      },
      "StyleCop.Analyzers": {
        "type": "Direct",
        "requested": "[1.2.0-beta.354, )",
        "resolved": "1.2.0-beta.354",
        "contentHash": "oDSJNxnEvIzAQTkpkc/FnJP4dQ7TV6fHMsI+2ckU5DOaMiwiEfh1fawMsSqz2bCoNwbTt9lS6MgYvyVKujNJoA==",
        "dependencies": {
          "StyleCop.Analyzers.Unstable": "1.2.0.354"
        }
      },
      "AWSSDK.Core": {
        "type": "Transitive",
        "resolved": "3.7.11.1",
        "contentHash": "LgHvlxNDeY7YnZES8KJooWHSCgbc5sOX17AGI4Faa/x79pvzy8w+lzgJqcHeIsxT3fk2EhTuKMTltjjZ6WK4UA=="
      },
      "StyleCop.Analyzers.Unstable": {
        "type": "Transitive",
        "resolved": "1.2.0.354",
        "contentHash": "/3RlM31XbJ02gaWh7dVumWOyMvGHswb/zygGJXd9oEJMRyyYc/HFJlAC5gBPxvi9cB4CMvIyyUTmZz5VLKwTvg=="
      }
    }
  }
}