{
  "version": 1,
  "dependencies": {
    "net6.0": {
      "AWSSDK.CloudFormation": {
        "type": "Direct",
        "requested": "[3.7.11, )",
        "resolved": "3.7.11",
        "contentHash": "F1pi8A9XMKjyiau9CDRWWQLYK9/DCjX2sbltX3w1svLydDOYsjeSHCWA2bg2Vh9TpoQqgvFxkSPOSZwFpEtYsg==",
        "dependencies": {
          "AWSSDK.Core": "[3.7.12.5, 4.0.0)"
        }
      },
      "AWSSDK.ECR": {
        "type": "Direct",
        "requested": "[3.7.4.39, )",
        "resolved": "3.7.4.39",
        "contentHash": "0BZO5cy5NkBC1ca9WxMxqbLhMZCMbBQ82jnLafnCqUd9/eRZ+twuhLqB03K77qcwoemsoGZkXJlW0OWSB459Vw==",
        "dependencies": {
          "AWSSDK.Core": "[3.7.12.5, 4.0.0)"
        }
      },
      "AWSSDK.ECRPublic": {
        "type": "Direct",
        "requested": "[3.7.0.177, )",
        "resolved": "3.7.0.177",
        "contentHash": "lP0KG2c3WzA4HQkcxMbdf4hXmlfrTeooSdhmJ9rBA5UcB/TbehuJ5sLGGD0x+65oRhZVEoGCK1xw2Vk6ssFpdg==",
        "dependencies": {
          "AWSSDK.Core": "[3.7.12.5, 4.0.0)"
        }
      },
      "AWSSDK.KeyManagementService": {
        "type": "Direct",
        "requested": "[3.7.3.29, )",
        "resolved": "3.7.3.29",
        "contentHash": "1nE3wOuOYZcD5ldg9dA8U2JEvlNyBUfU9gKdrIo+WvKvRPOZ9MAsygQcJQJu4prF0zYDK/vDbNoSUpv5q7QGVA==",
        "dependencies": {
          "AWSSDK.Core": "[3.7.12.5, 4.0.0)"
        }
      },
      "StyleCop.Analyzers": {
        "type": "Direct",
        "requested": "[1.2.0-beta.354, )",
        "resolved": "1.2.0-beta.354",
        "contentHash": "oDSJNxnEvIzAQTkpkc/FnJP4dQ7TV6fHMsI+2ckU5DOaMiwiEfh1fawMsSqz2bCoNwbTt9lS6MgYvyVKujNJoA==",
        "dependencies": {
          "StyleCop.Analyzers.Unstable": "1.2.0.354"
        }
      },
      "AWSSDK.Core": {
        "type": "Transitive",
        "resolved": "3.7.12.5",
        "contentHash": "N0eY87bXXlKDJqO1iZmNLXCasXM8tdD9VLFGVnctm6UROY0gBaYClTobncM2TXyPIkMPxfNUBUbMOMRk1QYRBQ=="
      },
      "StyleCop.Analyzers.Unstable": {
        "type": "Transitive",
        "resolved": "1.2.0.354",
        "contentHash": "/3RlM31XbJ02gaWh7dVumWOyMvGHswb/zygGJXd9oEJMRyyYc/HFJlAC5gBPxvi9cB4CMvIyyUTmZz5VLKwTvg=="
      }
    }
  }
}